
Microsoft Visual Studio Solution File, Format Version 12.00
# Visual Studio Version 17
VisualStudioVersion = 17.8.34525.116
MinimumVisualStudioVersion = 10.0.40219.1
Project("{FAE04EC0-301F-11D3-BF4B-00C04F79EFBC}") = "DIExample", "DIExample\DIExample.csproj", "{BF7252E3-F459-4FB4-B4FD-47F3427C8C32}"
EndProject
Project("{FAE04EC0-301F-11D3-BF4B-00C04F79EFBC}") = "Services", "Services\Services.csproj", "{7EF941FE-783F-41B8-8465-D394BC31143F}"
EndProject
Project("{FAE04EC0-301F-11D3-BF4B-00C04F79EFBC}") = "ServiceContracts", "ServiceContracts\ServiceContracts.csproj", "{B1158952-4369-41BF-A8F4-0F299EBDE408}"
EndProject
Global
	GlobalSection(SolutionConfigurationPlatforms) = preSolution
		Debug|Any CPU = Debug|Any CPU
		Release|Any CPU = Release|Any CPU
	EndGlobalSection
	GlobalSection(ProjectConfigurationPlatforms) = postSolution
		{BF7252E3-F459-4FB4-B4FD-47F3427C8C32}.Debug|Any CPU.ActiveCfg = Debug|Any CPU
		{BF7252E3-F459-4FB4-B4FD-47F3427C8C32}.Debug|Any CPU.Build.0 = Debug|Any CPU
		{BF7252E3-F459-4FB4-B4FD-47F3427C8C32}.Release|Any CPU.ActiveCfg = Release|Any CPU
		{BF7252E3-F459-4FB4-B4FD-47F3427C8C32}.Release|Any CPU.Build.0 = Release|Any CPU
		{7EF941FE-783F-41B8-8465-D394BC31143F}.Debug|Any CPU.ActiveCfg = Debug|Any CPU
		{7EF941FE-783F-41B8-8465-D394BC31143F}.Debug|Any CPU.Build.0 = Debug|Any CPU
		{7EF941FE-783F-41B8-8465-D394BC31143F}.Release|Any CPU.ActiveCfg = Release|Any CPU
		{7EF941FE-783F-41B8-8465-D394BC31143F}.Release|Any CPU.Build.0 = Release|Any CPU
		{B1158952-4369-41BF-A8F4-0F299EBDE408}.Debug|Any CPU.ActiveCfg = Debug|Any CPU
		{B1158952-4369-41BF-A8F4-0F299EBDE408}.Debug|Any CPU.Build.0 = Debug|Any CPU
		{B1158952-4369-41BF-A8F4-0F299EBDE408}.Release|Any CPU.ActiveCfg = Release|Any CPU
		{B1158952-4369-41BF-A8F4-0F299EBDE408}.Release|Any CPU.Build.0 = Release|Any CPU
	EndGlobalSection
	GlobalSection(SolutionProperties) = preSolution
		HideSolutionNode = FALSE
	EndGlobalSection
	GlobalSection(ExtensibilityGlobals) = postSolution
		SolutionGuid = {4A6E97A7-514E-4D4C-B1C4-9E2F1AE95103}
	EndGlobalSection
EndGlobal
