
Microsoft Visual Studio Solution File, Format Version 12.00
# Visual Studio Version 17
VisualStudioVersion = 17.8.34408.163
MinimumVisualStudioVersion = 10.0.40219.1
Project("{9A19103F-16F7-4668-BE54-9A1E7A4F7556}") = "First", "HelloWorld\First.csproj", "{34BC9413-995D-4812-895C-6CA13E1A76C0}"
EndProject
Project("{9A19103F-16F7-4668-BE54-9A1E7A4F7556}") = "ClassLib1", "ClassLib1\ClassLib1.csproj", "{2A554AB8-CA78-4894-BEDB-2F119697639C}"
EndProject
Project("{9A19103F-16F7-4668-BE54-9A1E7A4F7556}") = "MethodExample", "MethodExample\MethodExample.csproj", "{C42247A0-2F8C-46AD-B29B-CB808901E5AC}"
EndProject
Project("{9A19103F-16F7-4668-BE54-9A1E7A4F7556}") = "MethodClass", "MethodClass\MethodClass.csproj", "{AB948470-B67B-4B3E-B11F-32084C6512D0}"
EndProject
Project("{9A19103F-16F7-4668-BE54-9A1E7A4F7556}") = "ParamExample", "RefExample\ParamExample.csproj", "{BC9D7C38-F680-4D9D-AAAE-EAAEF86072B8}"
EndProject
Project("{9A19103F-16F7-4668-BE54-9A1E7A4F7556}") = "LocalFunctionExample", "LocalFunctionExample\LocalFunctionExample.csproj", "{ED966314-0403-471E-A632-6FC35AA7DF25}"
EndProject
Project("{9A19103F-16F7-4668-BE54-9A1E7A4F7556}") = "RecursionExample", "RecursionExample\RecursionExample.csproj", "{7B33D119-464B-4A23-B821-3172088E5B4E}"
EndProject
Project("{9A19103F-16F7-4668-BE54-9A1E7A4F7556}") = "ImplicitCasting", "ImplicitCasting\ImplicitCasting.csproj", "{92309B25-B386-4B73-AD33-03EF557AA583}"
EndProject
Project("{9A19103F-16F7-4668-BE54-9A1E7A4F7556}") = "ExplicitCasting", "ExplicitCasting\ExplicitCasting.csproj", "{4B57F212-68D1-4BDF-946C-0480103F441C}"
EndProject
Project("{9A19103F-16F7-4668-BE54-9A1E7A4F7556}") = "Parsing", "Parsing\Parsing.csproj", "{BCF4503F-66DB-4EAF-AF6D-72ED523C6C6E}"
EndProject
Project("{9A19103F-16F7-4668-BE54-9A1E7A4F7556}") = "TryParse", "TryParse\TryParse.csproj", "{B8E97FC4-6396-4E60-AFFA-DA53A22D82B1}"
EndProject
Project("{9A19103F-16F7-4668-BE54-9A1E7A4F7556}") = "ConversionMethod", "ConversionMethod\ConversionMethod.csproj", "{13B8D5DD-8777-4BD1-A967-84B1C5824057}"
EndProject
Project("{9A19103F-16F7-4668-BE54-9A1E7A4F7556}") = "Constructor", "Constructor\Constructor.csproj", "{1A6295A7-6574-4C99-BCF6-9E59F6653EA8}"
EndProject
Project("{9A19103F-16F7-4668-BE54-9A1E7A4F7556}") = "ConstructorClass", "ConstructorClass\ConstructorClass.csproj", "{72549B09-A353-4521-A5F2-129169135BB4}"
EndProject
Project("{9A19103F-16F7-4668-BE54-9A1E7A4F7556}") = "StaticConstructor", "StaticConstructor\StaticConstructor.csproj", "{62C1D220-AFB2-409C-819D-F56CA10D27E7}"
EndProject
Project("{9A19103F-16F7-4668-BE54-9A1E7A4F7556}") = "StaticConstructorClass", "StaticConstructorClass\StaticConstructorClass.csproj", "{98E2D048-429B-4F08-8B8F-5C762ABF4D02}"
EndProject
Project("{9A19103F-16F7-4668-BE54-9A1E7A4F7556}") = "Inheritance", "Inheritance\Inheritance.csproj", "{6B19CE8D-BAEF-4B1D-BF01-D5B7352B42AF}"
EndProject
Project("{9A19103F-16F7-4668-BE54-9A1E7A4F7556}") = "InheritanceClass", "InheritanceClass\InheritanceClass.csproj", "{46BCA006-D759-418E-B574-028D577F04FC}"
EndProject
Project("{9A19103F-16F7-4668-BE54-9A1E7A4F7556}") = "Beginners", "Beginners\Beginners.csproj", "{3B56CF5E-4752-4652-ACAB-532D681EF2B3}"
EndProject
Project("{9A19103F-16F7-4668-BE54-9A1E7A4F7556}") = "Test", "Test\Test.csproj", "{937273BF-7974-4B68-BA67-9A5AFF8BB698}"
EndProject
Project("{9A19103F-16F7-4668-BE54-9A1E7A4F7556}") = "Refresher", "Refresher\Refresher.csproj", "{68A09DF2-24E4-4BD5-BD46-C39A67B47F7D}"
EndProject
Project("{FAE04EC0-301F-11D3-BF4B-00C04F79EFBC}") = "Customer", "Customer\Customer.csproj", "{93F8903C-5857-4690-9DFA-D0FAA6507589}"
EndProject
Project("{9A19103F-16F7-4668-BE54-9A1E7A4F7556}") = "PropertiesExample", "PropertiesExample\PropertiesExample.csproj", "{B3C44CCF-DD7D-42C4-8707-E37381A35D8D}"
EndProject
Project("{9A19103F-16F7-4668-BE54-9A1E7A4F7556}") = "PropertiesExampleClass", "PropertiesExampleClass\PropertiesExampleClass.csproj", "{4A6BC813-7E30-425C-8CBD-5C120858AA02}"
EndProject
Project("{9A19103F-16F7-4668-BE54-9A1E7A4F7556}") = "Indexers", "Indexers\Indexers.csproj", "{CBA5EE03-D5B3-4A03-BAE5-2681DC7F2656}"
EndProject
Project("{9A19103F-16F7-4668-BE54-9A1E7A4F7556}") = "IndexersClass", "IndexersClass\IndexersClass.csproj", "{A2947D3B-7147-46C3-8F20-30A36D416B47}"
EndProject
Project("{9A19103F-16F7-4668-BE54-9A1E7A4F7556}") = "NamespacesExample", "NamespacesExample\NamespacesExample.csproj", "{114E938E-CAA8-451C-9C99-5146BAECA9D2}"
EndProject
Project("{9A19103F-16F7-4668-BE54-9A1E7A4F7556}") = "NamespacesExampleClass", "NamespacesExampleClass\NamespacesExampleClass.csproj", "{1924A4C7-AB2D-4455-BBB4-F2AA9985D3C6}"
EndProject
Project("{9A19103F-16F7-4668-BE54-9A1E7A4F7556}") = "Arrays", "Arrays\Arrays.csproj", "{3B40D744-F540-4B20-B992-F0799574F468}"
EndProject
Project("{9A19103F-16F7-4668-BE54-9A1E7A4F7556}") = "Enumerations", "Enumerations\Enumerations.csproj", "{45E23AF4-7F51-44DA-AEF0-D922BDA51DC5}"
EndProject
Project("{FAE04EC0-301F-11D3-BF4B-00C04F79EFBC}") = "Interfaces", "Interfaces\Interfaces.csproj", "{24C5354B-6D17-4F3E-A514-1839077AFC2F}"
EndProject
Global
	GlobalSection(SolutionConfigurationPlatforms) = preSolution
		Debug|Any CPU = Debug|Any CPU
		Release|Any CPU = Release|Any CPU
	EndGlobalSection
	GlobalSection(ProjectConfigurationPlatforms) = postSolution
		{34BC9413-995D-4812-895C-6CA13E1A76C0}.Debug|Any CPU.ActiveCfg = Debug|Any CPU
		{34BC9413-995D-4812-895C-6CA13E1A76C0}.Debug|Any CPU.Build.0 = Debug|Any CPU
		{34BC9413-995D-4812-895C-6CA13E1A76C0}.Release|Any CPU.ActiveCfg = Release|Any CPU
		{34BC9413-995D-4812-895C-6CA13E1A76C0}.Release|Any CPU.Build.0 = Release|Any CPU
		{2A554AB8-CA78-4894-BEDB-2F119697639C}.Debug|Any CPU.ActiveCfg = Debug|Any CPU
		{2A554AB8-CA78-4894-BEDB-2F119697639C}.Debug|Any CPU.Build.0 = Debug|Any CPU
		{2A554AB8-CA78-4894-BEDB-2F119697639C}.Release|Any CPU.ActiveCfg = Release|Any CPU
		{2A554AB8-CA78-4894-BEDB-2F119697639C}.Release|Any CPU.Build.0 = Release|Any CPU
		{C42247A0-2F8C-46AD-B29B-CB808901E5AC}.Debug|Any CPU.ActiveCfg = Debug|Any CPU
		{C42247A0-2F8C-46AD-B29B-CB808901E5AC}.Debug|Any CPU.Build.0 = Debug|Any CPU
		{C42247A0-2F8C-46AD-B29B-CB808901E5AC}.Release|Any CPU.ActiveCfg = Release|Any CPU
		{C42247A0-2F8C-46AD-B29B-CB808901E5AC}.Release|Any CPU.Build.0 = Release|Any CPU
		{AB948470-B67B-4B3E-B11F-32084C6512D0}.Debug|Any CPU.ActiveCfg = Debug|Any CPU
		{AB948470-B67B-4B3E-B11F-32084C6512D0}.Debug|Any CPU.Build.0 = Debug|Any CPU
		{AB948470-B67B-4B3E-B11F-32084C6512D0}.Release|Any CPU.ActiveCfg = Release|Any CPU
		{AB948470-B67B-4B3E-B11F-32084C6512D0}.Release|Any CPU.Build.0 = Release|Any CPU
		{BC9D7C38-F680-4D9D-AAAE-EAAEF86072B8}.Debug|Any CPU.ActiveCfg = Debug|Any CPU
		{BC9D7C38-F680-4D9D-AAAE-EAAEF86072B8}.Debug|Any CPU.Build.0 = Debug|Any CPU
		{BC9D7C38-F680-4D9D-AAAE-EAAEF86072B8}.Release|Any CPU.ActiveCfg = Release|Any CPU
		{BC9D7C38-F680-4D9D-AAAE-EAAEF86072B8}.Release|Any CPU.Build.0 = Release|Any CPU
		{ED966314-0403-471E-A632-6FC35AA7DF25}.Debug|Any CPU.ActiveCfg = Debug|Any CPU
		{ED966314-0403-471E-A632-6FC35AA7DF25}.Debug|Any CPU.Build.0 = Debug|Any CPU
		{ED966314-0403-471E-A632-6FC35AA7DF25}.Release|Any CPU.ActiveCfg = Release|Any CPU
		{ED966314-0403-471E-A632-6FC35AA7DF25}.Release|Any CPU.Build.0 = Release|Any CPU
		{7B33D119-464B-4A23-B821-3172088E5B4E}.Debug|Any CPU.ActiveCfg = Debug|Any CPU
		{7B33D119-464B-4A23-B821-3172088E5B4E}.Debug|Any CPU.Build.0 = Debug|Any CPU
		{7B33D119-464B-4A23-B821-3172088E5B4E}.Release|Any CPU.ActiveCfg = Release|Any CPU
		{7B33D119-464B-4A23-B821-3172088E5B4E}.Release|Any CPU.Build.0 = Release|Any CPU
		{92309B25-B386-4B73-AD33-03EF557AA583}.Debug|Any CPU.ActiveCfg = Debug|Any CPU
		{92309B25-B386-4B73-AD33-03EF557AA583}.Debug|Any CPU.Build.0 = Debug|Any CPU
		{92309B25-B386-4B73-AD33-03EF557AA583}.Release|Any CPU.ActiveCfg = Release|Any CPU
		{92309B25-B386-4B73-AD33-03EF557AA583}.Release|Any CPU.Build.0 = Release|Any CPU
		{4B57F212-68D1-4BDF-946C-0480103F441C}.Debug|Any CPU.ActiveCfg = Debug|Any CPU
		{4B57F212-68D1-4BDF-946C-0480103F441C}.Debug|Any CPU.Build.0 = Debug|Any CPU
		{4B57F212-68D1-4BDF-946C-0480103F441C}.Release|Any CPU.ActiveCfg = Release|Any CPU
		{4B57F212-68D1-4BDF-946C-0480103F441C}.Release|Any CPU.Build.0 = Release|Any CPU
		{BCF4503F-66DB-4EAF-AF6D-72ED523C6C6E}.Debug|Any CPU.ActiveCfg = Debug|Any CPU
		{BCF4503F-66DB-4EAF-AF6D-72ED523C6C6E}.Debug|Any CPU.Build.0 = Debug|Any CPU
		{BCF4503F-66DB-4EAF-AF6D-72ED523C6C6E}.Release|Any CPU.ActiveCfg = Release|Any CPU
		{BCF4503F-66DB-4EAF-AF6D-72ED523C6C6E}.Release|Any CPU.Build.0 = Release|Any CPU
		{B8E97FC4-6396-4E60-AFFA-DA53A22D82B1}.Debug|Any CPU.ActiveCfg = Debug|Any CPU
		{B8E97FC4-6396-4E60-AFFA-DA53A22D82B1}.Debug|Any CPU.Build.0 = Debug|Any CPU
		{B8E97FC4-6396-4E60-AFFA-DA53A22D82B1}.Release|Any CPU.ActiveCfg = Release|Any CPU
		{B8E97FC4-6396-4E60-AFFA-DA53A22D82B1}.Release|Any CPU.Build.0 = Release|Any CPU
		{13B8D5DD-8777-4BD1-A967-84B1C5824057}.Debug|Any CPU.ActiveCfg = Debug|Any CPU
		{13B8D5DD-8777-4BD1-A967-84B1C5824057}.Debug|Any CPU.Build.0 = Debug|Any CPU
		{13B8D5DD-8777-4BD1-A967-84B1C5824057}.Release|Any CPU.ActiveCfg = Release|Any CPU
		{13B8D5DD-8777-4BD1-A967-84B1C5824057}.Release|Any CPU.Build.0 = Release|Any CPU
		{1A6295A7-6574-4C99-BCF6-9E59F6653EA8}.Debug|Any CPU.ActiveCfg = Debug|Any CPU
		{1A6295A7-6574-4C99-BCF6-9E59F6653EA8}.Debug|Any CPU.Build.0 = Debug|Any CPU
		{1A6295A7-6574-4C99-BCF6-9E59F6653EA8}.Release|Any CPU.ActiveCfg = Release|Any CPU
		{1A6295A7-6574-4C99-BCF6-9E59F6653EA8}.Release|Any CPU.Build.0 = Release|Any CPU
		{72549B09-A353-4521-A5F2-129169135BB4}.Debug|Any CPU.ActiveCfg = Debug|Any CPU
		{72549B09-A353-4521-A5F2-129169135BB4}.Debug|Any CPU.Build.0 = Debug|Any CPU
		{72549B09-A353-4521-A5F2-129169135BB4}.Release|Any CPU.ActiveCfg = Release|Any CPU
		{72549B09-A353-4521-A5F2-129169135BB4}.Release|Any CPU.Build.0 = Release|Any CPU
		{62C1D220-AFB2-409C-819D-F56CA10D27E7}.Debug|Any CPU.ActiveCfg = Debug|Any CPU
		{62C1D220-AFB2-409C-819D-F56CA10D27E7}.Debug|Any CPU.Build.0 = Debug|Any CPU
		{62C1D220-AFB2-409C-819D-F56CA10D27E7}.Release|Any CPU.ActiveCfg = Release|Any CPU
		{62C1D220-AFB2-409C-819D-F56CA10D27E7}.Release|Any CPU.Build.0 = Release|Any CPU
		{98E2D048-429B-4F08-8B8F-5C762ABF4D02}.Debug|Any CPU.ActiveCfg = Debug|Any CPU
		{98E2D048-429B-4F08-8B8F-5C762ABF4D02}.Debug|Any CPU.Build.0 = Debug|Any CPU
		{98E2D048-429B-4F08-8B8F-5C762ABF4D02}.Release|Any CPU.ActiveCfg = Release|Any CPU
		{98E2D048-429B-4F08-8B8F-5C762ABF4D02}.Release|Any CPU.Build.0 = Release|Any CPU
		{6B19CE8D-BAEF-4B1D-BF01-D5B7352B42AF}.Debug|Any CPU.ActiveCfg = Debug|Any CPU
		{6B19CE8D-BAEF-4B1D-BF01-D5B7352B42AF}.Debug|Any CPU.Build.0 = Debug|Any CPU
		{6B19CE8D-BAEF-4B1D-BF01-D5B7352B42AF}.Release|Any CPU.ActiveCfg = Release|Any CPU
		{6B19CE8D-BAEF-4B1D-BF01-D5B7352B42AF}.Release|Any CPU.Build.0 = Release|Any CPU
		{46BCA006-D759-418E-B574-028D577F04FC}.Debug|Any CPU.ActiveCfg = Debug|Any CPU
		{46BCA006-D759-418E-B574-028D577F04FC}.Debug|Any CPU.Build.0 = Debug|Any CPU
		{46BCA006-D759-418E-B574-028D577F04FC}.Release|Any CPU.ActiveCfg = Release|Any CPU
		{46BCA006-D759-418E-B574-028D577F04FC}.Release|Any CPU.Build.0 = Release|Any CPU
		{3B56CF5E-4752-4652-ACAB-532D681EF2B3}.Debug|Any CPU.ActiveCfg = Debug|Any CPU
		{3B56CF5E-4752-4652-ACAB-532D681EF2B3}.Debug|Any CPU.Build.0 = Debug|Any CPU
		{3B56CF5E-4752-4652-ACAB-532D681EF2B3}.Release|Any CPU.ActiveCfg = Release|Any CPU
		{3B56CF5E-4752-4652-ACAB-532D681EF2B3}.Release|Any CPU.Build.0 = Release|Any CPU
		{937273BF-7974-4B68-BA67-9A5AFF8BB698}.Debug|Any CPU.ActiveCfg = Debug|Any CPU
		{937273BF-7974-4B68-BA67-9A5AFF8BB698}.Debug|Any CPU.Build.0 = Debug|Any CPU
		{937273BF-7974-4B68-BA67-9A5AFF8BB698}.Release|Any CPU.ActiveCfg = Release|Any CPU
		{937273BF-7974-4B68-BA67-9A5AFF8BB698}.Release|Any CPU.Build.0 = Release|Any CPU
		{68A09DF2-24E4-4BD5-BD46-C39A67B47F7D}.Debug|Any CPU.ActiveCfg = Debug|Any CPU
		{68A09DF2-24E4-4BD5-BD46-C39A67B47F7D}.Debug|Any CPU.Build.0 = Debug|Any CPU
		{68A09DF2-24E4-4BD5-BD46-C39A67B47F7D}.Release|Any CPU.ActiveCfg = Release|Any CPU
		{68A09DF2-24E4-4BD5-BD46-C39A67B47F7D}.Release|Any CPU.Build.0 = Release|Any CPU
		{93F8903C-5857-4690-9DFA-D0FAA6507589}.Debug|Any CPU.ActiveCfg = Debug|Any CPU
		{93F8903C-5857-4690-9DFA-D0FAA6507589}.Debug|Any CPU.Build.0 = Debug|Any CPU
		{93F8903C-5857-4690-9DFA-D0FAA6507589}.Release|Any CPU.ActiveCfg = Release|Any CPU
		{93F8903C-5857-4690-9DFA-D0FAA6507589}.Release|Any CPU.Build.0 = Release|Any CPU
		{B3C44CCF-DD7D-42C4-8707-E37381A35D8D}.Debug|Any CPU.ActiveCfg = Debug|Any CPU
		{B3C44CCF-DD7D-42C4-8707-E37381A35D8D}.Debug|Any CPU.Build.0 = Debug|Any CPU
		{B3C44CCF-DD7D-42C4-8707-E37381A35D8D}.Release|Any CPU.ActiveCfg = Release|Any CPU
		{B3C44CCF-DD7D-42C4-8707-E37381A35D8D}.Release|Any CPU.Build.0 = Release|Any CPU
		{4A6BC813-7E30-425C-8CBD-5C120858AA02}.Debug|Any CPU.ActiveCfg = Debug|Any CPU
		{4A6BC813-7E30-425C-8CBD-5C120858AA02}.Debug|Any CPU.Build.0 = Debug|Any CPU
		{4A6BC813-7E30-425C-8CBD-5C120858AA02}.Release|Any CPU.ActiveCfg = Release|Any CPU
		{4A6BC813-7E30-425C-8CBD-5C120858AA02}.Release|Any CPU.Build.0 = Release|Any CPU
		{CBA5EE03-D5B3-4A03-BAE5-2681DC7F2656}.Debug|Any CPU.ActiveCfg = Debug|Any CPU
		{CBA5EE03-D5B3-4A03-BAE5-2681DC7F2656}.Debug|Any CPU.Build.0 = Debug|Any CPU
		{CBA5EE03-D5B3-4A03-BAE5-2681DC7F2656}.Release|Any CPU.ActiveCfg = Release|Any CPU
		{CBA5EE03-D5B3-4A03-BAE5-2681DC7F2656}.Release|Any CPU.Build.0 = Release|Any CPU
		{A2947D3B-7147-46C3-8F20-30A36D416B47}.Debug|Any CPU.ActiveCfg = Debug|Any CPU
		{A2947D3B-7147-46C3-8F20-30A36D416B47}.Debug|Any CPU.Build.0 = Debug|Any CPU
		{A2947D3B-7147-46C3-8F20-30A36D416B47}.Release|Any CPU.ActiveCfg = Release|Any CPU
		{A2947D3B-7147-46C3-8F20-30A36D416B47}.Release|Any CPU.Build.0 = Release|Any CPU
		{114E938E-CAA8-451C-9C99-5146BAECA9D2}.Debug|Any CPU.ActiveCfg = Debug|Any CPU
		{114E938E-CAA8-451C-9C99-5146BAECA9D2}.Debug|Any CPU.Build.0 = Debug|Any CPU
		{114E938E-CAA8-451C-9C99-5146BAECA9D2}.Release|Any CPU.ActiveCfg = Release|Any CPU
		{114E938E-CAA8-451C-9C99-5146BAECA9D2}.Release|Any CPU.Build.0 = Release|Any CPU
		{1924A4C7-AB2D-4455-BBB4-F2AA9985D3C6}.Debug|Any CPU.ActiveCfg = Debug|Any CPU
		{1924A4C7-AB2D-4455-BBB4-F2AA9985D3C6}.Debug|Any CPU.Build.0 = Debug|Any CPU
		{1924A4C7-AB2D-4455-BBB4-F2AA9985D3C6}.Release|Any CPU.ActiveCfg = Release|Any CPU
		{1924A4C7-AB2D-4455-BBB4-F2AA9985D3C6}.Release|Any CPU.Build.0 = Release|Any CPU
		{3B40D744-F540-4B20-B992-F0799574F468}.Debug|Any CPU.ActiveCfg = Debug|Any CPU
		{3B40D744-F540-4B20-B992-F0799574F468}.Debug|Any CPU.Build.0 = Debug|Any CPU
		{3B40D744-F540-4B20-B992-F0799574F468}.Release|Any CPU.ActiveCfg = Release|Any CPU
		{3B40D744-F540-4B20-B992-F0799574F468}.Release|Any CPU.Build.0 = Release|Any CPU
		{45E23AF4-7F51-44DA-AEF0-D922BDA51DC5}.Debug|Any CPU.ActiveCfg = Debug|Any CPU
		{45E23AF4-7F51-44DA-AEF0-D922BDA51DC5}.Debug|Any CPU.Build.0 = Debug|Any CPU
		{45E23AF4-7F51-44DA-AEF0-D922BDA51DC5}.Release|Any CPU.ActiveCfg = Release|Any CPU
		{45E23AF4-7F51-44DA-AEF0-D922BDA51DC5}.Release|Any CPU.Build.0 = Release|Any CPU
		{24C5354B-6D17-4F3E-A514-1839077AFC2F}.Debug|Any CPU.ActiveCfg = Debug|Any CPU
		{24C5354B-6D17-4F3E-A514-1839077AFC2F}.Debug|Any CPU.Build.0 = Debug|Any CPU
		{24C5354B-6D17-4F3E-A514-1839077AFC2F}.Release|Any CPU.ActiveCfg = Release|Any CPU
		{24C5354B-6D17-4F3E-A514-1839077AFC2F}.Release|Any CPU.Build.0 = Release|Any CPU
	EndGlobalSection
	GlobalSection(SolutionProperties) = preSolution
		HideSolutionNode = FALSE
	EndGlobalSection
	GlobalSection(ExtensibilityGlobals) = postSolution
		SolutionGuid = {EA27F3F0-30AF-43C3-BB7C-009EF82097A9}
	EndGlobalSection
EndGlobal
