
Microsoft Visual Studio Solution File, Format Version 12.00
# Visual Studio Version 17
VisualStudioVersion = 17.9.34607.119
MinimumVisualStudioVersion = 10.0.40219.1
Project("{FAE04EC0-301F-11D3-BF4B-00C04F79EFBC}") = "DI", "DI\DI.csproj", "{FD19C80A-9CC4-4F6E-BAEB-77B7686D7BE0}"
EndProject
Project("{FAE04EC0-301F-11D3-BF4B-00C04F79EFBC}") = "Services", "Services\Services.csproj", "{74E65F65-A45A-4CA2-91DD-A2142E3FED11}"
EndProject
Project("{FAE04EC0-301F-11D3-BF4B-00C04F79EFBC}") = "ServiceContracts", "ServiceContracts\ServiceContracts.csproj", "{506092AE-ECC5-40C5-A9E8-98278C5AFBD7}"
EndProject
Global
	GlobalSection(SolutionConfigurationPlatforms) = preSolution
		Debug|Any CPU = Debug|Any CPU
		Release|Any CPU = Release|Any CPU
	EndGlobalSection
	GlobalSection(ProjectConfigurationPlatforms) = postSolution
		{FD19C80A-9CC4-4F6E-BAEB-77B7686D7BE0}.Debug|Any CPU.ActiveCfg = Debug|Any CPU
		{FD19C80A-9CC4-4F6E-BAEB-77B7686D7BE0}.Debug|Any CPU.Build.0 = Debug|Any CPU
		{FD19C80A-9CC4-4F6E-BAEB-77B7686D7BE0}.Release|Any CPU.ActiveCfg = Release|Any CPU
		{FD19C80A-9CC4-4F6E-BAEB-77B7686D7BE0}.Release|Any CPU.Build.0 = Release|Any CPU
		{74E65F65-A45A-4CA2-91DD-A2142E3FED11}.Debug|Any CPU.ActiveCfg = Debug|Any CPU
		{74E65F65-A45A-4CA2-91DD-A2142E3FED11}.Debug|Any CPU.Build.0 = Debug|Any CPU
		{74E65F65-A45A-4CA2-91DD-A2142E3FED11}.Release|Any CPU.ActiveCfg = Release|Any CPU
		{74E65F65-A45A-4CA2-91DD-A2142E3FED11}.Release|Any CPU.Build.0 = Release|Any CPU
		{506092AE-ECC5-40C5-A9E8-98278C5AFBD7}.Debug|Any CPU.ActiveCfg = Debug|Any CPU
		{506092AE-ECC5-40C5-A9E8-98278C5AFBD7}.Debug|Any CPU.Build.0 = Debug|Any CPU
		{506092AE-ECC5-40C5-A9E8-98278C5AFBD7}.Release|Any CPU.ActiveCfg = Release|Any CPU
		{506092AE-ECC5-40C5-A9E8-98278C5AFBD7}.Release|Any CPU.Build.0 = Release|Any CPU
	EndGlobalSection
	GlobalSection(SolutionProperties) = preSolution
		HideSolutionNode = FALSE
	EndGlobalSection
	GlobalSection(ExtensibilityGlobals) = postSolution
		SolutionGuid = {BCC2186B-E6E0-450C-A875-C2DC1B90E994}
	EndGlobalSection
EndGlobal
